
Microsoft Visual Studio Solution File, Format Version 12.00
# Visual Studio Version 16
VisualStudioVersion = 16.0.29728.190
MinimumVisualStudioVersion = 10.0.40219.1
Project("{FAE04EC0-301F-11D3-BF4B-00C04F79EFBC}") = "WebAPI", "WebAPI\WebAPI.csproj", "{FA8525BE-ACAC-4FB5-BD4F-8FFABCF63A00}"
EndProject
Global
	GlobalSection(SolutionConfigurationPlatforms) = preSolution
		Debug|Any CPU = Debug|Any CPU
		Release|Any CPU = Release|Any CPU
	EndGlobalSection
	GlobalSection(ProjectConfigurationPlatforms) = postSolution
		{FA8525BE-ACAC-4FB5-BD4F-8FFABCF63A00}.Debug|Any CPU.ActiveCfg = Debug|Any CPU
		{FA8525BE-ACAC-4FB5-BD4F-8FFABCF63A00}.Debug|Any CPU.Build.0 = Debug|Any CPU
		{FA8525BE-ACAC-4FB5-BD4F-8FFABCF63A00}.Release|Any CPU.ActiveCfg = Release|Any CPU
		{FA8525BE-ACAC-4FB5-BD4F-8FFABCF63A00}.Release|Any CPU.Build.0 = Release|Any CPU
	EndGlobalSection
	GlobalSection(SolutionProperties) = preSolution
		HideSolutionNode = FALSE
	EndGlobalSection
	GlobalSection(ExtensibilityGlobals) = postSolution
		SolutionGuid = {5B29827F-2511-4F75-B838-7C4CB2AFD38E}
	EndGlobalSection
EndGlobal
